<?xml version="1.0" encoding="utf-8"?>
<Project ToolsVersion="4.0" xmlns="http://schemas.microsoft.com/developer/msbuild/2003">
  <ItemGroup>
    <Filter Include="Source Files">
      <UniqueIdentifier>{4FC737F1-C7A5-4376-A066-2A32D752A2FF}</UniqueIdentifier>
      <Extensions>cpp;c;cc;cxx;c++;cppm;ixx;def;odl;idl;hpj;bat;asm;asmx</Extensions>
    </Filter>
    <Filter Include="Header Files">
      <UniqueIdentifier>{93995380-89BD-4b04-88EB-625FBE52EBFB}</UniqueIdentifier>
      <Extensions>h;hh;hpp;hxx;h++;hm;inl;inc;ipp;xsd</Extensions>
    </Filter>
    <Filter Include="Resource Files">
      <UniqueIdentifier>{67DA6AB6-F800-4c08-8B7A-83BB121AAD01}</UniqueIdentifier>
      <Extensions>rc;ico;cur;bmp;dlg;rc2;rct;bin;rgs;gif;jpg;jpeg;jpe;resx;tiff;tif;png;wav;mfcribbon-ms</Extensions>
    </Filter>
    <Filter Include="sourceHeaders\data">
      <UniqueIdentifier>{20000000-0000-0000-0000-000000000001}</UniqueIdentifier>
    </Filter>
    <Filter Include="sourceHeaders\logic">
      <UniqueIdentifier>{20000000-0000-0000-0000-000000000002}</UniqueIdentifier>
    </Filter>
    <Filter Include="sourceHeaders\ui">
      <UniqueIdentifier>{20000000-0000-0000-0000-000000000003}</UniqueIdentifier>
    </Filter>
    <Filter Include="sourceHeaders\platform">
      <UniqueIdentifier>{20000000-0000-0000-0000-000000000004}</UniqueIdentifier>
    </Filter>
  </ItemGroup>
  <ItemGroup>
    <ClInclude Include="framework.h">
      <Filter>Header Files</Filter>
    </ClInclude>
    <ClInclude Include="pch.h">
      <Filter>Header Files</Filter>
    </ClInclude>
    <ClInclude Include="sourceHeaders\data\types.h">       <Filter>sourceHeaders\data</Filter>     </ClInclude>
    <ClInclude Include="sourceHeaders\data\date.h">        <Filter>sourceHeaders\data</Filter>     </ClInclude>
    <ClInclude Include="sourceHeaders\data\store.h">       <Filter>sourceHeaders\data</Filter>     </ClInclude>
    <ClInclude Include="sourceHeaders\data\persistence.h"> <Filter>sourceHeaders\data</Filter>     </ClInclude>
    <ClInclude Include="sourceHeaders\logic\validation.h"> <Filter>sourceHeaders\logic</Filter>    </ClInclude>
    <ClInclude Include="sourceHeaders\logic\tasks.h">      <Filter>sourceHeaders\logic</Filter>    </ClInclude>
    <ClInclude Include="sourceHeaders\logic\sort.h">       <Filter>sourceHeaders\logic</Filter>    </ClInclude>
    <ClInclude Include="sourceHeaders\logic\search.h">     <Filter>sourceHeaders\logic</Filter>    </ClInclude>
    <ClInclude Include="sourceHeaders\logic\recursion.h">  <Filter>sourceHeaders\logic</Filter>    </ClInclude>
    <ClInclude Include="sourceHeaders\logic\persistence.h"><Filter>sourceHeaders\logic</Filter>    </ClInclude>
    <ClInclude Include="sourceHeaders\logic\benchmark.h">  <Filter>sourceHeaders\logic</Filter>    </ClInclude>
    <ClInclude Include="sourceHeaders\logic\dates.h">      <Filter>sourceHeaders\logic</Filter>    </ClInclude>
    <ClInclude Include="sourceHeaders\ui\ui_state.h">       <Filter>sourceHeaders\ui</Filter>      </ClInclude>
    <ClInclude Include="sourceHeaders\ui\app_shell.h">      <Filter>sourceHeaders\ui</Filter>      </ClInclude>
    <ClInclude Include="sourceHeaders\ui\menu_bar.h">       <Filter>sourceHeaders\ui</Filter>      </ClInclude>
    <ClInclude Include="sourceHeaders\ui\task_tree.h">      <Filter>sourceHeaders\ui</Filter>      </ClInclude>
    <ClInclude Include="sourceHeaders\ui\task_table.h">     <Filter>sourceHeaders\ui</Filter>      </ClInclude>
    <ClInclude Include="sourceHeaders\ui\task_details.h">   <Filter>sourceHeaders\ui</Filter>      </ClInclude>
    <ClInclude Include="sourceHeaders\ui\dialogs.h">        <Filter>sourceHeaders\ui</Filter>      </ClInclude>
    <ClInclude Include="sourceHeaders\ui\stats_panel.h">    <Filter>sourceHeaders\ui</Filter>      </ClInclude>
    <ClInclude Include="sourceHeaders\ui\benchmark_panel.h"><Filter>sourceHeaders\ui</Filter>      </ClInclude>
    <ClInclude Include="sourceHeaders\ui\status_bar.h">     <Filter>sourceHeaders\ui</Filter>      </ClInclude>
    <ClInclude Include="sourceHeaders\ui\toast.h">          <Filter>sourceHeaders\ui</Filter>      </ClInclude>
    <ClInclude Include="sourceHeaders\ui\theme.h">          <Filter>sourceHeaders\ui</Filter>      </ClInclude>
    <ClInclude Include="sourceHeaders\ui\shortcuts.h">      <Filter>sourceHeaders\ui</Filter>      </ClInclude>
    <ClInclude Include="sourceHeaders\platform\window.h">   <Filter>sourceHeaders\platform</Filter> </ClInclude>
    <ClInclude Include="sourceHeaders\platform\renderer.h"> <Filter>sourceHeaders\platform</Filter> </ClInclude>
  </ItemGroup>
  <ItemGroup>
    <ClCompile Include="HeaderStaticLibrary.cpp">
      <Filter>Source Files</Filter>
    </ClCompile>
    <ClCompile Include="pch.cpp">
      <Filter>Source Files</Filter>
    </ClCompile>
  </ItemGroup>
</Project>